{
  "version": "5",
  "specifiers": {
    "jsr:@denosaurs/lz4@~0.1.4": "0.1.4",
    "jsr:@std/fs@^1.0.23": "1.0.23",
    "jsr:@std/internal@^1.0.12": "1.0.12",
    "jsr:@std/path@^1.1.4": "1.1.4",
    "npm:@preact/signals@^2.9.0": "2.9.0_preact@10.29.2",
    "npm:@rsbuild/core@^2.0.7": "2.0.7",
    "npm:@rsbuild/plugin-preact@^1.7.2": "1.7.2_@rsbuild+core@2.0.7_preact@10.29.2",
    "npm:@rsbuild/plugin-type-check@^1.3.4": "1.3.4_@rsbuild+core@2.0.7",
    "npm:preact-transitioning@^1.5.3": "1.5.3_preact@10.29.2",
    "npm:preact@^10.29.2": "10.29.2",
    "npm:temporal-polyfill@~0.3.2": "0.3.2",
    "npm:typescript@^6.0.3": "6.0.3"
  },
  "jsr": {
    "@denosaurs/lz4@0.1.4": {
      "integrity": "ad5d556c02eb01fe1e0f2e953d7be066a14870afe149b1aed1ced019460f6aa1"
    },
    "@std/fs@1.0.23": {
      "integrity": "3ecbae4ce4fee03b180fa710caff36bb5adb66631c46a6460aaad49515565a37",
      "dependencies": [
        "jsr:@std/internal",
        "jsr:@std/path"
      ]
    },
    "@std/internal@1.0.12": {
      "integrity": "972a634fd5bc34b242024402972cd5143eac68d8dffaca5eaa4dba30ce17b027"
    },
    "@std/path@1.1.4": {
      "integrity": "1d2d43f39efb1b42f0b1882a25486647cb851481862dc7313390b2bb044314b5",
      "dependencies": [
        "jsr:@std/internal"
      ]
    }
  },
  "npm": {
    "@emnapi/core@1.10.0": {
      "integrity": "sha512-yq6OkJ4p82CAfPl0u9mQebQHKPJkY7WrIuk205cTYnYe+k2Z8YBh11FrbRG/H6ihirqcacOgl2BIO8oyMQLeXw==",
      "dependencies": [
        "@emnapi/wasi-threads",
        "tslib"
      ]
    },
    "@emnapi/runtime@1.10.0": {
      "integrity": "sha512-ewvYlk86xUoGI0zQRNq/mC+16R1QeDlKQy21Ki3oSYXNgLb45GV1P6A0M+/s6nyCuNDqe5VpaY84BzXGwVbwFA==",
      "dependencies": [
        "tslib"
      ]
    },
    "@emnapi/wasi-threads@1.2.1": {
      "integrity": "sha512-uTII7OYF+/Mes/MrcIOYp5yOtSMLBWSIoLPpcgwipoiKbli6k322tcoFsxoIIxPDqW01SQGAgko4EzZi2BNv2w==",
      "dependencies": [
        "tslib"
      ]
    },
    "@jsonjoy.com/base64@1.1.2_tslib@2.8.1": {
      "integrity": "sha512-q6XAnWQDIMA3+FTiOYajoYqySkO+JSat0ytXGSuRdq9uXE7o92gzuQwQM14xaCRlBLGq3v5miDGC4vkVTn54xA==",
      "dependencies": [
        "tslib"
      ]
    },
    "@jsonjoy.com/base64@17.67.0_tslib@2.8.1": {
      "integrity": "sha512-5SEsJGsm15aP8TQGkDfJvz9axgPwAEm98S5DxOuYe8e1EbfajcDmgeXXzccEjh+mLnjqEKrkBdjHWS5vFNwDdw==",
      "dependencies": [
        "tslib"
      ]
    },
    "@jsonjoy.com/buffers@1.2.1_tslib@2.8.1": {
      "integrity": "sha512-12cdlDwX4RUM3QxmUbVJWqZ/mrK6dFQH4Zxq6+r1YXKXYBNgZXndx2qbCJwh3+WWkCSn67IjnlG3XYTvmvYtgA==",
      "dependencies": [
        "tslib"
      ]
    },
    "@jsonjoy.com/buffers@17.67.0_tslib@2.8.1": {
      "integrity": "sha512-tfExRpYxBvi32vPs9ZHaTjSP4fHAfzSmcahOfNxtvGHcyJel+aibkPlGeBB+7AoC6hL7lXIE++8okecBxx7lcw==",
      "dependencies": [
        "tslib"
      ]
    },
    "@jsonjoy.com/codegen@1.0.0_tslib@2.8.1": {
      "integrity": "sha512-E8Oy+08cmCf0EK/NMxpaJZmOxPqM+6iSe2S4nlSBrPZOORoDJILxtbSUEDKQyTamm/BVAhIGllOBNU79/dwf0g==",
      "dependencies": [
        "tslib"
      ]
    },
    "@jsonjoy.com/codegen@17.67.0_tslib@2.8.1": {
      "integrity": "sha512-idnkUplROpdBOV0HMcwhsCUS5TRUi9poagdGs70A6S4ux9+/aPuKbh8+UYRTLYQHtXvAdNfQWXDqZEx5k4Dj2Q==",
      "dependencies": [
        "tslib"
      ]
    },
    "@jsonjoy.com/fs-core@4.57.1_tslib@2.8.1": {
      "integrity": "sha512-YrEi/ZPmgc+GfdO0esBF04qv8boK9Dg9WpRQw/+vM8Qt3nnVIJWIa8HwZ/LXVZ0DB11XUROM8El/7yYTJX+WtA==",
      "dependencies": [
        "@jsonjoy.com/fs-node-builtins",
        "@jsonjoy.com/fs-node-utils",
        "thingies",
        "tslib"
      ]
    },
    "@jsonjoy.com/fs-fsa@4.57.1_tslib@2.8.1": {
      "integrity": "sha512-ooEPvSW/HQDivPDPZMibHGKZf/QS4WRir1czGZmXmp3MsQqLECZEpN0JobrD8iV9BzsuwdIv+PxtWX9WpPLsIA==",
      "dependencies": [
        "@jsonjoy.com/fs-core",
        "@jsonjoy.com/fs-node-builtins",
        "@jsonjoy.com/fs-node-utils",
        "thingies",
        "tslib"
      ]
    },
    "@jsonjoy.com/fs-node-builtins@4.57.1_tslib@2.8.1": {
      "integrity": "sha512-XHkFKQ5GSH3uxm8c3ZYXVrexGdscpWKIcMWKFQpMpMJc8gA3AwOMBJXJlgpdJqmrhPyQXxaY9nbkNeYpacC0Og==",
      "dependencies": [
        "tslib"
      ]
    },
    "@jsonjoy.com/fs-node-to-fsa@4.57.1_tslib@2.8.1": {
      "integrity": "sha512-pqGHyWWzNck4jRfaGV39hkqpY5QjRUQ/nRbNT7FYbBa0xf4bDG+TE1Gt2KWZrSkrkZZDE3qZUjYMbjwSliX6pg==",
      "dependencies": [
        "@jsonjoy.com/fs-fsa",
        "@jsonjoy.com/fs-node-builtins",
        "@jsonjoy.com/fs-node-utils",
        "tslib"
      ]
    },
    "@jsonjoy.com/fs-node-utils@4.57.1_tslib@2.8.1": {
      "integrity": "sha512-vp+7ZzIB8v43G+GLXTS4oDUSQmhAsRz532QmmWBbdYA20s465JvwhkSFvX9cVTqRRAQg+vZ7zWDaIEh0lFe2gw==",
      "dependencies": [
        "@jsonjoy.com/fs-node-builtins",
        "tslib"
      ]
    },
    "@jsonjoy.com/fs-node@4.57.1_tslib@2.8.1": {
      "integrity": "sha512-3YaKhP8gXEKN+2O49GLNfNb5l2gbnCFHyAaybbA2JkkbQP3dpdef7WcUaHAulg/c5Dg4VncHsA3NWAUSZMR5KQ==",
      "dependencies": [
        "@jsonjoy.com/fs-core",
        "@jsonjoy.com/fs-node-builtins",
        "@jsonjoy.com/fs-node-utils",
        "@jsonjoy.com/fs-print",
        "@jsonjoy.com/fs-snapshot",
        "glob-to-regex.js",
        "thingies",
        "tslib"
      ]
    },
    "@jsonjoy.com/fs-print@4.57.1_tslib@2.8.1": {
      "integrity": "sha512-Ynct7ZJmfk6qoXDOKfpovNA36ITUx8rChLmRQtW08J73VOiuNsU8PB6d/Xs7fxJC2ohWR3a5AqyjmLojfrw5yw==",
      "dependencies": [
        "@jsonjoy.com/fs-node-utils",
        "tree-dump",
        "tslib"
      ]
    },
    "@jsonjoy.com/fs-snapshot@4.57.1_tslib@2.8.1": {
      "integrity": "sha512-/oG8xBNFMbDXTq9J7vepSA1kerS5vpgd3p5QZSPd+nX59uwodGJftI51gDYyHRpP57P3WCQf7LHtBYPqwUg2Bg==",
      "dependencies": [
        "@jsonjoy.com/buffers@17.67.0_tslib@2.8.1",
        "@jsonjoy.com/fs-node-utils",
        "@jsonjoy.com/json-pack@17.67.0_tslib@2.8.1",
        "@jsonjoy.com/util@17.67.0_tslib@2.8.1",
        "tslib"
      ]
    },
    "@jsonjoy.com/json-pack@1.21.0_tslib@2.8.1": {
      "integrity": "sha512-+AKG+R2cfZMShzrF2uQw34v3zbeDYUqnQ+jg7ORic3BGtfw9p/+N6RJbq/kkV8JmYZaINknaEQ2m0/f693ZPpg==",
      "dependencies": [
        "@jsonjoy.com/base64@1.1.2_tslib@2.8.1",
        "@jsonjoy.com/buffers@1.2.1_tslib@2.8.1",
        "@jsonjoy.com/codegen@1.0.0_tslib@2.8.1",
        "@jsonjoy.com/json-pointer@1.0.2_tslib@2.8.1",
        "@jsonjoy.com/util@1.9.0_tslib@2.8.1",
        "hyperdyperid",
        "thingies",
        "tree-dump",
        "tslib"
      ]
    },
    "@jsonjoy.com/json-pack@17.67.0_tslib@2.8.1": {
      "integrity": "sha512-t0ejURcGaZsn1ClbJ/3kFqSOjlryd92eQY465IYrezsXmPcfHPE/av4twRSxf6WE+TkZgLY+71vCZbiIiFKA/w==",
      "dependencies": [
        "@jsonjoy.com/base64@17.67.0_tslib@2.8.1",
        "@jsonjoy.com/buffers@17.67.0_tslib@2.8.1",
        "@jsonjoy.com/codegen@17.67.0_tslib@2.8.1",
        "@jsonjoy.com/json-pointer@17.67.0_tslib@2.8.1",
        "@jsonjoy.com/util@17.67.0_tslib@2.8.1",
        "hyperdyperid",
        "thingies",
        "tree-dump",
        "tslib"
      ]
    },
    "@jsonjoy.com/json-pointer@1.0.2_tslib@2.8.1": {
      "integrity": "sha512-Fsn6wM2zlDzY1U+v4Nc8bo3bVqgfNTGcn6dMgs6FjrEnt4ZCe60o6ByKRjOGlI2gow0aE/Q41QOigdTqkyK5fg==",
      "dependencies": [
        "@jsonjoy.com/codegen@1.0.0_tslib@2.8.1",
        "@jsonjoy.com/util@1.9.0_tslib@2.8.1",
        "tslib"
      ]
    },
    "@jsonjoy.com/json-pointer@17.67.0_tslib@2.8.1": {
      "integrity": "sha512-+iqOFInH+QZGmSuaybBUNdh7yvNrXvqR+h3wjXm0N/3JK1EyyFAeGJvqnmQL61d1ARLlk/wJdFKSL+LHJ1eaUA==",
      "dependencies": [
        "@jsonjoy.com/util@17.67.0_tslib@2.8.1",
        "tslib"
      ]
    },
    "@jsonjoy.com/util@1.9.0_tslib@2.8.1": {
      "integrity": "sha512-pLuQo+VPRnN8hfPqUTLTHk126wuYdXVxE6aDmjSeV4NCAgyxWbiOIeNJVtID3h1Vzpoi9m4jXezf73I6LgabgQ==",
      "dependencies": [
        "@jsonjoy.com/buffers@1.2.1_tslib@2.8.1",
        "@jsonjoy.com/codegen@1.0.0_tslib@2.8.1",
        "tslib"
      ]
    },
    "@jsonjoy.com/util@17.67.0_tslib@2.8.1": {
      "integrity": "sha512-6+8xBaz1rLSohlGh68D1pdw3AwDi9xydm8QNlAFkvnavCJYSze+pxoW2VKP8p308jtlMRLs5NTHfPlZLd4w7ew==",
      "dependencies": [
        "@jsonjoy.com/buffers@17.67.0_tslib@2.8.1",
        "@jsonjoy.com/codegen@17.67.0_tslib@2.8.1",
        "tslib"
      ]
    },
    "@napi-rs/wasm-runtime@1.1.4_@emnapi+core@1.10.0_@emnapi+runtime@1.10.0": {
      "integrity": "sha512-3NQNNgA1YSlJb/kMH1ildASP9HW7/7kYnRI2szWJaofaS1hWmbGI4H+d3+22aGzXXN9IJ+n+GiFVcGipJP18ow==",
      "dependencies": [
        "@emnapi/core",
        "@emnapi/runtime",
        "@tybys/wasm-util"
      ]
    },
    "@preact/signals-core@1.14.1": {
      "integrity": "sha512-vxPpfXqrwUe9lpjqfYNjAF/0RF/eFGeLgdJzdmIIZjpOnTmGmAB4BjWone562mJGMRP4frU6iZ6ei3PDsu52Ng=="
    },
    "@preact/signals@2.9.0_preact@10.29.2": {
      "integrity": "sha512-hYrY0KyUqkDgOl1qba/JGn6y81pXnurn21PMaxfcMwdncdZ3M/oVdmpTvEnsGjh48dIwDVc7bjWHqIsngSjYug==",
      "dependencies": [
        "@preact/signals-core",
        "preact"
      ]
    },
    "@prefresh/core@1.5.9_preact@10.29.2": {
      "integrity": "sha512-IKBKCPaz34OFVC+adiQ2qaTF5qdztO2/4ZPf4KsRTgjKosWqxVXmEbxCiUydYZRY8GVie+DQlKzQr9gt6HQ+EQ==",
      "dependencies": [
        "preact"
      ]
    },
    "@prefresh/utils@1.2.1": {
      "integrity": "sha512-vq/sIuN5nYfYzvyayXI4C2QkprfNaHUQ9ZX+3xLD8nL3rWyzpxOm1+K7RtMbhd+66QcaISViK7amjnheQ/4WZw=="
    },
    "@rsbuild/core@2.0.7": {
      "integrity": "sha512-LsBONEzsjzOAqO72ot39eI7g53zSfF9QuDXTu4ks8IUX+EZsxRSniQfc+1zVA6a6y3b9KUUtG96avoMLKbWklQ==",
      "dependencies": [
        "@rspack/core",
        "@swc/helpers"
      ],
      "bin": true
    },
    "@rsbuild/plugin-preact@1.7.2_@rsbuild+core@2.0.7_preact@10.29.2": {
      "integrity": "sha512-MHDpgrwmUp0Ktgem6A2Tih3xX7arGuKiUVkh4dDObE/UbWfJhyXcyq0q5gNaWVfqTgbVBHfL9bVy8jhzcY67TA==",
      "dependencies": [
        "@prefresh/core",
        "@prefresh/utils",
        "@rsbuild/core",
        "@rspack/plugin-preact-refresh",
        "@swc/plugin-prefresh"
      ],
      "optionalPeers": [
        "@rsbuild/core"
      ]
    },
    "@rsbuild/plugin-type-check@1.3.4_@rsbuild+core@2.0.7": {
      "integrity": "sha512-ibOlMRVKeDfBBSd09YVzJjAUhX1KnTVbK0NK/rPBai3/DAovhUsmkxKDIsE+3HN93iGBSBiqOCIOrYFO2Z21Fw==",
      "dependencies": [
        "@rsbuild/core",
        "deepmerge",
        "json5",
        "reduce-configs",
        "ts-checker-rspack-plugin"
      ],
      "optionalPeers": [
        "@rsbuild/core"
      ]
    },
    "@rspack/binding-darwin-arm64@2.0.4": {
      "integrity": "sha512-0Q1QXFEsZfDc4opiDnb8q50KlBbC2VovViDaYlMJZBzvjAo325mh3itXPfz7YZ31M+TxRE7TUiJXH3ltiV1Hdg==",
      "os": ["darwin"],
      "cpu": ["arm64"]
    },
    "@rspack/binding-darwin-x64@2.0.4": {
      "integrity": "sha512-oO5J2QYf7+H+aYRj85EiGrDOoDEE9EDDl7NgXv46iWvIF0wXowEHXqnjMFxHxRq2Vf6scT+0yYQX9blWcvMWAA==",
      "os": ["darwin"],
      "cpu": ["x64"]
    },
    "@rspack/binding-linux-arm64-gnu@2.0.4": {
      "integrity": "sha512-BEk6mIYBK4BihW9qXXITJORrVXecTlkRjrqhgefili4xjXtLdcUnxAm9sN/2oJ8m378n2h33qDh4gr2orPBFWQ==",
      "os": ["linux"],
      "cpu": ["arm64"]
    },
    "@rspack/binding-linux-arm64-musl@2.0.4": {
      "integrity": "sha512-Hyt3z1RwNcSMIoaoWLN4Hb/696/O5JPukf8rXQASvf2UkC+X3ij7tr+8lMSYi3Zysi1QL375CnT4fNoABEW0JA==",
      "os": ["linux"],
      "cpu": ["arm64"]
    },
    "@rspack/binding-linux-x64-gnu@2.0.4": {
      "integrity": "sha512-xHorBPBZAg0Pn9Q0k9dWZ9euowieDxcSOzQ9JhTCmhDY6wZH5M/kCBFlCs/OQeW5/NUArW3x3MwEdO/0QJHMxg==",
      "os": ["linux"],
      "cpu": ["x64"]
    },
    "@rspack/binding-linux-x64-musl@2.0.4": {
      "integrity": "sha512-QLxEGUXofF0kVNU12Y2NT3Qi9lGs+WbnYpapVeb+2IXtrAXJfU7Rhy7lAp5GLMzYMQNrKKL9SVnTWKbODbNW9Q==",
      "os": ["linux"],
      "cpu": ["x64"]
    },
    "@rspack/binding-wasm32-wasi@2.0.4": {
      "integrity": "sha512-YhN8HkiH46ONU9tm5dyoXDImDWGpU7E4SPqGI4OyAVF0445uIChurIUmTIOYcD6cg81GGeIjozWJOcb635Dcqw==",
      "dependencies": [
        "@emnapi/core",
        "@emnapi/runtime",
        "@napi-rs/wasm-runtime"
      ],
      "cpu": ["wasm32"]
    },
    "@rspack/binding-win32-arm64-msvc@2.0.4": {
      "integrity": "sha512-MUlYIz82xQRN0aoiXXyEBrNVUwiOSSFRi7nuCgUKduaSdlbPWzCY31IdtOygZ06LVp5JIGUEtyqSrjQq4FrMRw==",
      "os": ["win32"],
      "cpu": ["arm64"]
    },
    "@rspack/binding-win32-ia32-msvc@2.0.4": {
      "integrity": "sha512-D7UcIFMzlY2yhhyuW4Ej15gBWmTwUM5DxuObl3Kv31qRv/pmV3MsqUeG5m2dqLbUxzqPH87qnp0cArbkJQ1b+w==",
      "os": ["win32"],
      "cpu": ["ia32"]
    },
    "@rspack/binding-win32-x64-msvc@2.0.4": {
      "integrity": "sha512-MnYKPfdrAEbtpKg/1SZ6cNtzreIRyQJK4APbxLLPXENdTH5QXQkaTjLMKEeJcJ51FRhI/+yNpOUm2oTHdCQ1Og==",
      "os": ["win32"],
      "cpu": ["x64"]
    },
    "@rspack/binding@2.0.4": {
      "integrity": "sha512-/QeJDPUw/lWkBJESG264KA9u6/rAjvoJhKncU4rkTi5Ap45kue5HTgOzr0ufxKdd2Xl72fjFBuqlKmtFDD5LiQ==",
      "optionalDependencies": [
        "@rspack/binding-darwin-arm64",
        "@rspack/binding-darwin-x64",
        "@rspack/binding-linux-arm64-gnu",
        "@rspack/binding-linux-arm64-musl",
        "@rspack/binding-linux-x64-gnu",
        "@rspack/binding-linux-x64-musl",
        "@rspack/binding-wasm32-wasi",
        "@rspack/binding-win32-arm64-msvc",
        "@rspack/binding-win32-ia32-msvc",
        "@rspack/binding-win32-x64-msvc"
      ]
    },
    "@rspack/core@2.0.4_@swc+helpers@0.5.21": {
      "integrity": "sha512-OuxdQeeKWQpNvFBRDOcnoSaQvp6E4APM/6JJMM/k0p6oL1TEFQVGdNu3VGY4mRAsebnNBXapMVMhj+v66Bn2pg==",
      "dependencies": [
        "@rspack/binding",
        "@swc/helpers"
      ],
      "optionalPeers": [
        "@swc/helpers"
      ]
    },
    "@rspack/lite-tapable@1.1.0": {
      "integrity": "sha512-E2B0JhYFmVAwdDiG14+DW0Di4Ze4Jg10Pc4/lILUrd5DRCaklduz2OvJ5HYQ6G+hd+WTzqQb3QnDNfK4yvAFYw=="
    },
    "@rspack/plugin-preact-refresh@1.1.5_@prefresh+core@1.5.9__preact@10.29.2_@prefresh+utils@1.2.1_preact@10.29.2": {
      "integrity": "sha512-1oXF8ovAF+XoMcZ1qjeJ+l28qXAnKmVulV8Q5/Q1bXDkfMBmvC10O94wpxojcIY/kdMrHIFTfWbUhm0qBcYeGA==",
      "dependencies": [
        "@prefresh/core",
        "@prefresh/utils"
      ]
    },
    "@swc/counter@0.1.3": {
      "integrity": "sha512-e2BR4lsJkkRlKZ/qCHPw9ZaSxc0MVUd7gtbtaB7aMvHeJVYe8sOB8DBZkP2DtISHGSku9sCK6T6cnY0CtXrOCQ=="
    },
    "@swc/helpers@0.5.21": {
      "integrity": "sha512-jI/VAmtdjB/RnI8GTnokyX7Ug8c+g+ffD6QRLa6XQewtnGyukKkKSk3wLTM3b5cjt1jNh9x0jfVlagdN2gDKQg==",
      "dependencies": [
        "tslib"
      ]
    },
    "@swc/plugin-prefresh@12.7.0": {
      "integrity": "sha512-1d+YWDPdeHcxbK6WXwm+TYMDwKSsSzf6OoqFrBpUujr3XvE2ydK+egocGJS7Z8bhwIUD4bHst6CqZVO+v32o/Q==",
      "dependencies": [
        "@swc/counter"
      ]
    },
    "@tybys/wasm-util@0.10.1": {
      "integrity": "sha512-9tTaPJLSiejZKx+Bmog4uSubteqTvFrVrURwkmHixBo0G4seD0zUxp98E1DzUBJxLQ3NPwXrGKDiVjwx/DpPsg==",
      "dependencies": [
        "tslib"
      ]
    },
    "anymatch@3.1.3": {
      "integrity": "sha512-KMReFUr0B4t+D+OBkjR3KYqvocp2XaSzO55UcB6mgQMd3KbcE+mWTyvVV7D/zsdEbNnV6acZUutkiHQXvTr1Rw==",
      "dependencies": [
        "normalize-path",
        "picomatch"
      ]
    },
    "binary-extensions@2.3.0": {
      "integrity": "sha512-Ceh+7ox5qe7LJuLHoY0feh3pHuUDHAcRUeyL2VYghZwfpkNIy/+8Ocg0a3UuSoYzavmylwuLWQOf3hl0jjMMIw=="
    },
    "braces@3.0.3": {
      "integrity": "sha512-yQbXgO/OSZVD2IsiLlro+7Hf6Q18EJrKSEsdoMzKePKXct3gvD8oLcOQdIzGupr5Fj+EDe8gO/lxc1BzfMpxvA==",
      "dependencies": [
        "fill-range"
      ]
    },
    "chokidar@3.6.0": {
      "integrity": "sha512-7VT13fmjotKpGipCW9JEQAusEPE+Ei8nl6/g4FBAmIm0GOOLMua9NDDo/DWp0ZAxCr3cPq5ZpBqmPAQgDda2Pw==",
      "dependencies": [
        "anymatch",
        "braces",
        "glob-parent",
        "is-binary-path",
        "is-glob",
        "normalize-path",
        "readdirp"
      ],
      "optionalDependencies": [
        "fsevents"
      ]
    },
    "deepmerge@4.3.1": {
      "integrity": "sha512-3sUqbMEc77XqpdNO7FRyRog+eW3ph+GYCbj+rK+uYyRMuwsVy0rMiVtPn+QJlKFvWP/1PYpapqYn0Me2knFn+A=="
    },
    "fill-range@7.1.1": {
      "integrity": "sha512-YsGpe3WHLK8ZYi4tWDg2Jy3ebRz2rXowDxnld4bkQB00cc/1Zw9AWnC0i9ztDJitivtQvaI9KaLyKrc+hBW0yg==",
      "dependencies": [
        "to-regex-range"
      ]
    },
    "fsevents@2.3.3": {
      "integrity": "sha512-5xoDfX+fL7faATnagmWPpbFtwh/R77WmMMqqHGS65C3vvB0YHrgF+B1YmZ3441tMj5n63k0212XNoJwzlhffQw==",
      "os": ["darwin"],
      "scripts": true
    },
    "glob-parent@5.1.2": {
      "integrity": "sha512-AOIgSQCepiJYwP3ARnGx+5VnTu2HBYdzbGP45eLw1vr3zB3vZLeyed1sC9hnbcOc9/SrMyM5RPQrkGz4aS9Zow==",
      "dependencies": [
        "is-glob"
      ]
    },
    "glob-to-regex.js@1.2.0_tslib@2.8.1": {
      "integrity": "sha512-QMwlOQKU/IzqMUOAZWubUOT8Qft+Y0KQWnX9nK3ch0CJg0tTp4TvGZsTfudYKv2NzoQSyPcnA6TYeIQ3jGichQ==",
      "dependencies": [
        "tslib"
      ]
    },
    "hyperdyperid@1.2.0": {
      "integrity": "sha512-Y93lCzHYgGWdrJ66yIktxiaGULYc6oGiABxhcO5AufBeOyoIdZF7bIfLaOrbM0iGIOXQQgxxRrFEnb+Y6w1n4A=="
    },
    "is-binary-path@2.1.0": {
      "integrity": "sha512-ZMERYes6pDydyuGidse7OsHxtbI7WVeUEozgR/g7rd0xUimYNlvZRE/K2MgZTjWy725IfelLeVcEM97mmtRGXw==",
      "dependencies": [
        "binary-extensions"
      ]
    },
    "is-extglob@2.1.1": {
      "integrity": "sha512-SbKbANkN603Vi4jEZv49LeVJMn4yGwsbzZworEoyEiutsN3nJYdbO36zfhGJ6QEDpOZIFkDtnq5JRxmvl3jsoQ=="
    },
    "is-glob@4.0.3": {
      "integrity": "sha512-xelSayHH36ZgE7ZWhli7pW34hNbNl8Ojv5KVmkJD4hBdD3th8Tfk9vYasLM+mXWOZhFkgZfxhLSnrwRr4elSSg==",
      "dependencies": [
        "is-extglob"
      ]
    },
    "is-number@7.0.0": {
      "integrity": "sha512-41Cifkg6e8TylSpdtTpeLVMqvSBEVzTttHvERD741+pnZ8ANv0004MRL43QKPDlK9cGvNp6NZWZUBlbGXYxxng=="
    },
    "json5@2.2.3": {
      "integrity": "sha512-XmOWe7eyHYH14cLdVPoyg+GOH3rYX++KpzrylJwSW98t3Nk+U8XOl8FWKOgwtzdb8lXGf6zYwDUzeHMWfxasyg==",
      "bin": true
    },
    "memfs@4.57.1_tslib@2.8.1": {
      "integrity": "sha512-WvzrWPwMQT+PtbX2Et64R4qXKK0fj/8pO85MrUCzymX3twwCiJCdvntW3HdhG1teLJcHDDLIKx5+c3HckWYZtQ==",
      "dependencies": [
        "@jsonjoy.com/fs-core",
        "@jsonjoy.com/fs-fsa",
        "@jsonjoy.com/fs-node",
        "@jsonjoy.com/fs-node-builtins",
        "@jsonjoy.com/fs-node-to-fsa",
        "@jsonjoy.com/fs-node-utils",
        "@jsonjoy.com/fs-print",
        "@jsonjoy.com/fs-snapshot",
        "@jsonjoy.com/json-pack@1.21.0_tslib@2.8.1",
        "@jsonjoy.com/util@1.9.0_tslib@2.8.1",
        "glob-to-regex.js",
        "thingies",
        "tree-dump",
        "tslib"
      ]
    },
    "normalize-path@3.0.0": {
      "integrity": "sha512-6eZs5Ls3WtCisHWp9S2GUy8dqkpGi4BVSz3GaqiE6ezub0512ESztXUwUB6C6IKbQkY2Pnb/mD4WYojCRwcwLA=="
    },
    "picocolors@1.1.1": {
      "integrity": "sha512-xceH2snhtb5M9liqDsmEw56le376mTZkEX/jEb/RxNFyegNul7eNslCXP9FDj/Lcu0X8KEyMceP2ntpaHrDEVA=="
    },
    "picomatch@2.3.2": {
      "integrity": "sha512-V7+vQEJ06Z+c5tSye8S+nHUfI51xoXIXjHQ99cQtKUkQqqO1kO/KCJUfZXuB47h/YBlDhah2H3hdUGXn8ie0oA=="
    },
    "preact-transitioning@1.5.3_preact@10.29.2": {
      "integrity": "sha512-UkOTvZJ5jRcuCpSFv2sUOjjO1UQdKMSQN9U3pPfz8RFDo32CCHTcjcsiJWFzmDoYsMxQz7iuIrrVTio+U9W57A==",
      "dependencies": [
        "preact"
      ]
    },
    "preact@10.29.2": {
      "integrity": "sha512-7tNmwg/7mzzAoB/8kSg6Hl37JraAZw3Z3A0JSY7VXlZwo82Xn0G7wKbNNs2qoF4ZEEsQGTwDAroNdqKs1ofJxQ=="
    },
    "readdirp@3.6.0": {
      "integrity": "sha512-hOS089on8RduqdbhvQ5Z37A0ESjsqz6qnRcffsMU3495FuTdqSm+7bhJ29JvIOsBDEEnan5DPu9t3To9VRlMzA==",
      "dependencies": [
        "picomatch"
      ]
    },
    "reduce-configs@1.1.1": {
      "integrity": "sha512-EYtsVGAQarE8daT54cnaY1PIknF2VB78ug6Zre2rs36EsJfC40EG6hmTU2A2P1ZuXnKAt2KI0fzOGHcX7wzdPw=="
    },
    "temporal-polyfill@0.3.2": {
      "integrity": "sha512-TzHthD/heRK947GNiSu3Y5gSPpeUDH34+LESnfsq8bqpFhsB79HFBX8+Z834IVX68P3EUyRPZK5bL/1fh437Eg==",
      "dependencies": [
        "temporal-spec"
      ]
    },
    "temporal-spec@0.3.1": {
      "integrity": "sha512-B4TUhezh9knfSIMwt7RVggApDRJZo73uZdj8AacL2mZ8RP5KtLianh2MXxL06GN9ESYiIsiuoLQhgVfwe55Yhw=="
    },
    "thingies@2.6.0_tslib@2.8.1": {
      "integrity": "sha512-rMHRjmlFLM1R96UYPvpmnc3LYtdFrT33JIB7L9hetGue1qAPfn1N2LJeEjxUSidu1Iku+haLZXDuEXUHNGO/lg==",
      "dependencies": [
        "tslib"
      ]
    },
    "to-regex-range@5.0.1": {
      "integrity": "sha512-65P7iz6X5yEr1cwcgvQxbbIw7Uk3gOy5dIdtZ4rDveLqhrdJP+Li/Hx6tyK0NEb+2GCyneCMJiGqrADCSNk8sQ==",
      "dependencies": [
        "is-number"
      ]
    },
    "tree-dump@1.1.0_tslib@2.8.1": {
      "integrity": "sha512-rMuvhU4MCDbcbnleZTFezWsaZXRFemSqAM+7jPnzUl1fo9w3YEKOxAeui0fz3OI4EU4hf23iyA7uQRVko+UaBA==",
      "dependencies": [
        "tslib"
      ]
    },
    "ts-checker-rspack-plugin@1.3.0_typescript@6.0.3": {
      "integrity": "sha512-89oK/BtApjdid1j9CGjPGiYry+EZBhsnTAM481/8ipgr/y2IOgCbW1HPnan+fs5FnzlpUgf9dWGNZ4Ayw3Bd8A==",
      "dependencies": [
        "@rspack/lite-tapable",
        "chokidar",
        "memfs",
        "picocolors",
        "typescript"
      ]
    },
    "tslib@2.8.1": {
      "integrity": "sha512-oJFu94HQb+KVduSUQL7wnpmqnfmLsOA/nAh6b6EH0wCEoK0/mPeXU6c3wKDV83MkOuHPRHtSXKKU99IBazS/2w=="
    },
    "typescript@6.0.3": {
      "integrity": "sha512-y2TvuxSZPDyQakkFRPZHKFm+KKVqIisdg9/CZwm9ftvKXLP8NRWj38/ODjNbr43SsoXqNuAisEf1GdCxqWcdBw==",
      "bin": true
    }
  },
  "workspace": {
    "dependencies": [
      "jsr:@denosaurs/lz4@~0.1.4",
      "jsr:@std/fs@^1.0.23",
      "npm:@preact/signals@^2.9.0",
      "npm:@rsbuild/core@^2.0.7",
      "npm:@rsbuild/plugin-preact@^1.7.2",
      "npm:@rsbuild/plugin-type-check@^1.3.4",
      "npm:preact-transitioning@^1.5.3",
      "npm:preact@^10.29.2",
      "npm:temporal-polyfill@~0.3.2",
      "npm:typescript@^6.0.3"
    ]
  }
}
